// !$*UTF8*$!
{
	archiveVersion = 1;
	classes = {
	};
	objectVersion = 55;
	objects = {

/* Begin PBXBuildFile section */
		48D6EFB728BE4B32004A9C50 /* AppDelegate.swift in Sources */ = {isa = PBXBuildFile; fileRef = 48D6EFB628BE4B32004A9C50 /* AppDelegate.swift */; };
		48D6EFB928BE4B32004A9C50 /* SceneDelegate.swift in Sources */ = {isa = PBXBuildFile; fileRef = 48D6EFB828BE4B32004A9C50 /* SceneDelegate.swift */; };
		48D6EFBB28BE4B32004A9C50 /* MainTabBarViewController.swift in Sources */ = {isa = PBXBuildFile; fileRef = 48D6EFBA28BE4B32004A9C50 /* MainTabBarViewController.swift */; };
		48D6EFC028BE4B34004A9C50 /* Assets.xcassets in Resources */ = {isa = PBXBuildFile; fileRef = 48D6EFBF28BE4B34004A9C50 /* Assets.xcassets */; };
		48D6EFC328BE4B34004A9C50 /* LaunchScreen.storyboard in Resources */ = {isa = PBXBuildFile; fileRef = 48D6EFC128BE4B34004A9C50 /* LaunchScreen.storyboard */; };
		48D6EFCC28BE50B2004A9C50 /* HomeViewController.swift in Sources */ = {isa = PBXBuildFile; fileRef = 48D6EFCB28BE50B2004A9C50 /* HomeViewController.swift */; };
		48D6EFCE28BE50EF004A9C50 /* UpcomingViewController.swift in Sources */ = {isa = PBXBuildFile; fileRef = 48D6EFCD28BE50EF004A9C50 /* UpcomingViewController.swift */; };
		48D6EFD028BE510C004A9C50 /* SearchViewController.swift in Sources */ = {isa = PBXBuildFile; fileRef = 48D6EFCF28BE510C004A9C50 /* SearchViewController.swift */; };
		48D6EFD228BE5128004A9C50 /* DownloadsViewController.swift in Sources */ = {isa = PBXBuildFile; fileRef = 48D6EFD128BE5128004A9C50 /* DownloadsViewController.swift */; };
		48D6EFD928BE68AA004A9C50 /* CollectionViewTableViewCell.swift in Sources */ = {isa = PBXBuildFile; fileRef = 48D6EFD828BE68AA004A9C50 /* CollectionViewTableViewCell.swift */; };
		48D6EFDB28BFA5A2004A9C50 /* HeroHeaderUIView.swift in Sources */ = {isa = PBXBuildFile; fileRef = 48D6EFDA28BFA5A2004A9C50 /* HeroHeaderUIView.swift */; };
		48D6EFDD28C044B6004A9C50 /* APICaller.swift in Sources */ = {isa = PBXBuildFile; fileRef = 48D6EFDC28C044B6004A9C50 /* APICaller.swift */; };
		48D6EFDF28C050E8004A9C50 /* Movie.swift in Sources */ = {isa = PBXBuildFile; fileRef = 48D6EFDE28C050E8004A9C50 /* Movie.swift */; };
		48D6EFE128C057F0004A9C50 /* Extensions.swift in Sources */ = {isa = PBXBuildFile; fileRef = 48D6EFE028C057F0004A9C50 /* Extensions.swift */; };
/* End PBXBuildFile section */

/* Begin PBXFileReference section */
		48D6EFB328BE4B32004A9C50 /* Netflix Clone.app */ = {isa = PBXFileReference; explicitFileType = wrapper.application; includeInIndex = 0; path = "Netflix Clone.app"; sourceTree = BUILT_PRODUCTS_DIR; };
		48D6EFB628BE4B32004A9C50 /* AppDelegate.swift */ = {isa = PBXFileReference; lastKnownFileType = sourcecode.swift; path = AppDelegate.swift; sourceTree = "<group>"; };
		48D6EFB828BE4B32004A9C50 /* SceneDelegate.swift */ = {isa = PBXFileReference; lastKnownFileType = sourcecode.swift; path = SceneDelegate.swift; sourceTree = "<group>"; };
		48D6EFBA28BE4B32004A9C50 /* MainTabBarViewController.swift */ = {isa = PBXFileReference; lastKnownFileType = sourcecode.swift; path = MainTabBarViewController.swift; sourceTree = "<group>"; };
		48D6EFBF28BE4B34004A9C50 /* Assets.xcassets */ = {isa = PBXFileReference; lastKnownFileType = folder.assetcatalog; path = Assets.xcassets; sourceTree = "<group>"; };
		48D6EFC228BE4B34004A9C50 /* Base */ = {isa = PBXFileReference; lastKnownFileType = file.storyboard; name = Base; path = Base.lproj/LaunchScreen.storyboard; sourceTree = "<group>"; };
		48D6EFC428BE4B34004A9C50 /* Info.plist */ = {isa = PBXFileReference; lastKnownFileType = text.plist.xml; path = Info.plist; sourceTree = "<group>"; };
		48D6EFCB28BE50B2004A9C50 /* HomeViewController.swift */ = {isa = PBXFileReference; lastKnownFileType = sourcecode.swift; path = HomeViewController.swift; sourceTree = "<group>"; };
		48D6EFCD28BE50EF004A9C50 /* UpcomingViewController.swift */ = {isa = PBXFileReference; lastKnownFileType = sourcecode.swift; path = UpcomingViewController.swift; sourceTree = "<group>"; };
		48D6EFCF28BE510C004A9C50 /* SearchViewController.swift */ = {isa = PBXFileReference; lastKnownFileType = sourcecode.swift; path = SearchViewController.swift; sourceTree = "<group>"; };
		48D6EFD128BE5128004A9C50 /* DownloadsViewController.swift */ = {isa = PBXFileReference; lastKnownFileType = sourcecode.swift; path = DownloadsViewController.swift; sourceTree = "<group>"; };
		48D6EFD828BE68AA004A9C50 /* CollectionViewTableViewCell.swift */ = {isa = PBXFileReference; lastKnownFileType = sourcecode.swift; path = CollectionViewTableViewCell.swift; sourceTree = "<group>"; };
		48D6EFDA28BFA5A2004A9C50 /* HeroHeaderUIView.swift */ = {isa = PBXFileReference; lastKnownFileType = sourcecode.swift; path = HeroHeaderUIView.swift; sourceTree = "<group>"; };
		48D6EFDC28C044B6004A9C50 /* APICaller.swift */ = {isa = PBXFileReference; lastKnownFileType = sourcecode.swift; path = APICaller.swift; sourceTree = "<group>"; };
		48D6EFDE28C050E8004A9C50 /* Movie.swift */ = {isa = PBXFileReference; lastKnownFileType = sourcecode.swift; path = Movie.swift; sourceTree = "<group>"; };
		48D6EFE028C057F0004A9C50 /* Extensions.swift */ = {isa = PBXFileReference; lastKnownFileType = sourcecode.swift; path = Extensions.swift; sourceTree = "<group>"; };
/* End PBXFileReference section */

/* Begin PBXFrameworksBuildPhase section */
		48D6EFB028BE4B32004A9C50 /* Frameworks */ = {
			isa = PBXFrameworksBuildPhase;
			buildActionMask = 2147483647;
			files = (
			);
			runOnlyForDeploymentPostprocessing = 0;
		};
/* End PBXFrameworksBuildPhase section */

/* Begin PBXGroup section */
		48D6EFAA28BE4B32004A9C50 = {
			isa = PBXGroup;
			children = (
				48D6EFB528BE4B32004A9C50 /* Netflix Clone */,
				48D6EFB428BE4B32004A9C50 /* Products */,
			);
			sourceTree = "<group>";
		};
		48D6EFB428BE4B32004A9C50 /* Products */ = {
			isa = PBXGroup;
			children = (
				48D6EFB328BE4B32004A9C50 /* Netflix Clone.app */,
			);
			name = Products;
			sourceTree = "<group>";
		};
		48D6EFB528BE4B32004A9C50 /* Netflix Clone */ = {
			isa = PBXGroup;
			children = (
				48D6EFD728BE687C004A9C50 /* Managers */,
				48D6EFD628BE6870004A9C50 /* Resources */,
				48D6EFD528BE63D6004A9C50 /* Models */,
				48D6EFD328BE6393004A9C50 /* Views */,
				48D6EFD428BE63C9004A9C50 /* ViewModels */,
				48D6EFCA28BE507A004A9C50 /* Controllers */,
				48D6EFB628BE4B32004A9C50 /* AppDelegate.swift */,
				48D6EFB828BE4B32004A9C50 /* SceneDelegate.swift */,
				48D6EFBA28BE4B32004A9C50 /* MainTabBarViewController.swift */,
				48D6EFBF28BE4B34004A9C50 /* Assets.xcassets */,
				48D6EFC128BE4B34004A9C50 /* LaunchScreen.storyboard */,
				48D6EFC428BE4B34004A9C50 /* Info.plist */,
			);
			path = "Netflix Clone";
			sourceTree = "<group>";
		};
		48D6EFCA28BE507A004A9C50 /* Controllers */ = {
			isa = PBXGroup;
			children = (
				48D6EFCB28BE50B2004A9C50 /* HomeViewController.swift */,
				48D6EFCD28BE50EF004A9C50 /* UpcomingViewController.swift */,
				48D6EFCF28BE510C004A9C50 /* SearchViewController.swift */,
				48D6EFD128BE5128004A9C50 /* DownloadsViewController.swift */,
			);
			path = Controllers;
			sourceTree = "<group>";
		};
		48D6EFD328BE6393004A9C50 /* Views */ = {
			isa = PBXGroup;
			children = (
				48D6EFD828BE68AA004A9C50 /* CollectionViewTableViewCell.swift */,
				48D6EFDA28BFA5A2004A9C50 /* HeroHeaderUIView.swift */,
			);
			path = Views;
			sourceTree = "<group>";
		};
		48D6EFD428BE63C9004A9C50 /* ViewModels */ = {
			isa = PBXGroup;
			children = (
			);
			path = ViewModels;
			sourceTree = "<group>";
		};
		48D6EFD528BE63D6004A9C50 /* Models */ = {
			isa = PBXGroup;
			children = (
				48D6EFDE28C050E8004A9C50 /* Movie.swift */,
			);
			path = Models;
			sourceTree = "<group>";
		};
		48D6EFD628BE6870004A9C50 /* Resources */ = {
			isa = PBXGroup;
			children = (
				48D6EFE028C057F0004A9C50 /* Extensions.swift */,
			);
			path = Resources;
			sourceTree = "<group>";
		};
		48D6EFD728BE687C004A9C50 /* Managers */ = {
			isa = PBXGroup;
			children = (
				48D6EFDC28C044B6004A9C50 /* APICaller.swift */,
			);
			path = Managers;
			sourceTree = "<group>";
		};
/* End PBXGroup section */

/* Begin PBXNativeTarget section */
		48D6EFB228BE4B32004A9C50 /* Netflix Clone */ = {
			isa = PBXNativeTarget;
			buildConfigurationList = 48D6EFC728BE4B34004A9C50 /* Build configuration list for PBXNativeTarget "Netflix Clone" */;
			buildPhases = (
				48D6EFAF28BE4B32004A9C50 /* Sources */,
				48D6EFB028BE4B32004A9C50 /* Frameworks */,
				48D6EFB128BE4B32004A9C50 /* Resources */,
			);
			buildRules = (
			);
			dependencies = (
			);
			name = "Netflix Clone";
			productName = "Netflix Clone";
			productReference = 48D6EFB328BE4B32004A9C50 /* Netflix Clone.app */;
			productType = "com.apple.product-type.application";
		};
/* End PBXNativeTarget section */

/* Begin PBXProject section */
		48D6EFAB28BE4B32004A9C50 /* Project object */ = {
			isa = PBXProject;
			attributes = {
				BuildIndependentTargetsInParallel = 1;
				LastSwiftUpdateCheck = 1340;
				LastUpgradeCheck = 1340;
				TargetAttributes = {
					48D6EFB228BE4B32004A9C50 = {
						CreatedOnToolsVersion = 13.4.1;
					};
				};
			};
			buildConfigurationList = 48D6EFAE28BE4B32004A9C50 /* Build configuration list for PBXProject "Netflix Clone" */;
			compatibilityVersion = "Xcode 13.0";
			developmentRegion = en;
			hasScannedForEncodings = 0;
			knownRegions = (
				en,
				Base,
			);
			mainGroup = 48D6EFAA28BE4B32004A9C50;
			productRefGroup = 48D6EFB428BE4B32004A9C50 /* Products */;
			projectDirPath = "";
			projectRoot = "";
			targets = (
				48D6EFB228BE4B32004A9C50 /* Netflix Clone */,
			);
		};
/* End PBXProject section */

/* Begin PBXResourcesBuildPhase section */
		48D6EFB128BE4B32004A9C50 /* Resources */ = {
			isa = PBXResourcesBuildPhase;
			buildActionMask = 2147483647;
			files = (
				48D6EFC328BE4B34004A9C50 /* LaunchScreen.storyboard in Resources */,
				48D6EFC028BE4B34004A9C50 /* Assets.xcassets in Resources */,
			);
			runOnlyForDeploymentPostprocessing = 0;
		};
/* End PBXResourcesBuildPhase section */

/* Begin PBXSourcesBuildPhase section */
		48D6EFAF28BE4B32004A9C50 /* Sources */ = {
			isa = PBXSourcesBuildPhase;
			buildActionMask = 2147483647;
			files = (
				48D6EFD028BE510C004A9C50 /* SearchViewController.swift in Sources */,
				48D6EFBB28BE4B32004A9C50 /* MainTabBarViewController.swift in Sources */,
				48D6EFD928BE68AA004A9C50 /* CollectionViewTableViewCell.swift in Sources */,
				48D6EFDD28C044B6004A9C50 /* APICaller.swift in Sources */,
				48D6EFDB28BFA5A2004A9C50 /* HeroHeaderUIView.swift in Sources */,
				48D6EFB728BE4B32004A9C50 /* AppDelegate.swift in Sources */,
				48D6EFD228BE5128004A9C50 /* DownloadsViewController.swift in Sources */,
				48D6EFE128C057F0004A9C50 /* Extensions.swift in Sources */,
				48D6EFB928BE4B32004A9C50 /* SceneDelegate.swift in Sources */,
				48D6EFCE28BE50EF004A9C50 /* UpcomingViewController.swift in Sources */,
				48D6EFDF28C050E8004A9C50 /* Movie.swift in Sources */,
				48D6EFCC28BE50B2004A9C50 /* HomeViewController.swift in Sources */,
			);
			runOnlyForDeploymentPostprocessing = 0;
		};
/* End PBXSourcesBuildPhase section */

/* Begin PBXVariantGroup section */
		48D6EFC128BE4B34004A9C50 /* LaunchScreen.storyboard */ = {
			isa = PBXVariantGroup;
			children = (
				48D6EFC228BE4B34004A9C50 /* Base */,
			);
			name = LaunchScreen.storyboard;
			sourceTree = "<group>";
		};
/* End PBXVariantGroup section */

/* Begin XCBuildConfiguration section */
		48D6EFC528BE4B34004A9C50 /* Debug */ = {
			isa = XCBuildConfiguration;
			buildSettings = {
				ALWAYS_SEARCH_USER_PATHS = NO;
				CLANG_ANALYZER_NONNULL = YES;
				CLANG_ANALYZER_NUMBER_OBJECT_CONVERSION = YES_AGGRESSIVE;
				CLANG_CXX_LANGUAGE_STANDARD = "gnu++17";
				CLANG_ENABLE_MODULES = YES;
				CLANG_ENABLE_OBJC_ARC = YES;
				CLANG_ENABLE_OBJC_WEAK = YES;
				CLANG_WARN_BLOCK_CAPTURE_AUTORELEASING = YES;
				CLANG_WARN_BOOL_CONVERSION = YES;
				CLANG_WARN_COMMA = YES;
				CLANG_WARN_CONSTANT_CONVERSION = YES;
				CLANG_WARN_DEPRECATED_OBJC_IMPLEMENTATIONS = YES;
				CLANG_WARN_DIRECT_OBJC_ISA_USAGE = YES_ERROR;
				CLANG_WARN_DOCUMENTATION_COMMENTS = YES;
				CLANG_WARN_EMPTY_BODY = YES;
				CLANG_WARN_ENUM_CONVERSION = YES;
				CLANG_WARN_INFINITE_RECURSION = YES;
				CLANG_WARN_INT_CONVERSION = YES;
				CLANG_WARN_NON_LITERAL_NULL_CONVERSION = YES;
				CLANG_WARN_OBJC_IMPLICIT_RETAIN_SELF = YES;
				CLANG_WARN_OBJC_LITERAL_CONVERSION = YES;
				CLANG_WARN_OBJC_ROOT_CLASS = YES_ERROR;
				CLANG_WARN_QUOTED_INCLUDE_IN_FRAMEWORK_HEADER = YES;
				CLANG_WARN_RANGE_LOOP_ANALYSIS = YES;
				CLANG_WARN_STRICT_PROTOTYPES = YES;
				CLANG_WARN_SUSPICIOUS_MOVE = YES;
				CLANG_WARN_UNGUARDED_AVAILABILITY = YES_AGGRESSIVE;
				CLANG_WARN_UNREACHABLE_CODE = YES;
				CLANG_WARN__DUPLICATE_METHOD_MATCH = YES;
				COPY_PHASE_STRIP = NO;
				DEBUG_INFORMATION_FORMAT = dwarf;
				ENABLE_STRICT_OBJC_MSGSEND = YES;
				ENABLE_TESTABILITY = YES;
				GCC_C_LANGUAGE_STANDARD = gnu11;
				GCC_DYNAMIC_NO_PIC = NO;
				GCC_NO_COMMON_BLOCKS = YES;
				GCC_OPTIMIZATION_LEVEL = 0;
				GCC_PREPROCESSOR_DEFINITIONS = (
					"DEBUG=1",
					"$(inherited)",
				);
				GCC_WARN_64_TO_32_BIT_CONVERSION = YES;
				GCC_WARN_ABOUT_RETURN_TYPE = YES_ERROR;
				GCC_WARN_UNDECLARED_SELECTOR = YES;
				GCC_WARN_UNINITIALIZED_AUTOS = YES_AGGRESSIVE;
				GCC_WARN_UNUSED_FUNCTION = YES;
				GCC_WARN_UNUSED_VARIABLE = YES;
				IPHONEOS_DEPLOYMENT_TARGET = 15.5;
				MTL_ENABLE_DEBUG_INFO = INCLUDE_SOURCE;
				MTL_FAST_MATH = YES;
				ONLY_ACTIVE_ARCH = YES;
				SDKROOT = iphoneos;
				SWIFT_ACTIVE_COMPILATION_CONDITIONS = DEBUG;
				SWIFT_OPTIMIZATION_LEVEL = "-Onone";
			};
			name = Debug;
		};
		48D6EFC628BE4B34004A9C50 /* Release */ = {
			isa = XCBuildConfiguration;
			buildSettings = {
				ALWAYS_SEARCH_USER_PATHS = NO;
				CLANG_ANALYZER_NONNULL = YES;
				CLANG_ANALYZER_NUMBER_OBJECT_CONVERSION = YES_AGGRESSIVE;
				CLANG_CXX_LANGUAGE_STANDARD = "gnu++17";
				CLANG_ENABLE_MODULES = YES;
				CLANG_ENABLE_OBJC_ARC = YES;
				CLANG_ENABLE_OBJC_WEAK = YES;
				CLANG_WARN_BLOCK_CAPTURE_AUTORELEASING = YES;
				CLANG_WARN_BOOL_CONVERSION = YES;
				CLANG_WARN_COMMA = YES;
				CLANG_WARN_CONSTANT_CONVERSION = YES;
				CLANG_WARN_DEPRECATED_OBJC_IMPLEMENTATIONS = YES;
				CLANG_WARN_DIRECT_OBJC_ISA_USAGE = YES_ERROR;
				CLANG_WARN_DOCUMENTATION_COMMENTS = YES;
				CLANG_WARN_EMPTY_BODY = YES;
				CLANG_WARN_ENUM_CONVERSION = YES;
				CLANG_WARN_INFINITE_RECURSION = YES;
				CLANG_WARN_INT_CONVERSION = YES;
				CLANG_WARN_NON_LITERAL_NULL_CONVERSION = YES;
				CLANG_WARN_OBJC_IMPLICIT_RETAIN_SELF = YES;
				CLANG_WARN_OBJC_LITERAL_CONVERSION = YES;
				CLANG_WARN_OBJC_ROOT_CLASS = YES_ERROR;
				CLANG_WARN_QUOTED_INCLUDE_IN_FRAMEWORK_HEADER = YES;
				CLANG_WARN_RANGE_LOOP_ANALYSIS = YES;
				CLANG_WARN_STRICT_PROTOTYPES = YES;
				CLANG_WARN_SUSPICIOUS_MOVE = YES;
				CLANG_WARN_UNGUARDED_AVAILABILITY = YES_AGGRESSIVE;
				CLANG_WARN_UNREACHABLE_CODE = YES;
				CLANG_WARN__DUPLICATE_METHOD_MATCH = YES;
				COPY_PHASE_STRIP = NO;
				DEBUG_INFORMATION_FORMAT = "dwarf-with-dsym";
				ENABLE_NS_ASSERTIONS = NO;
				ENABLE_STRICT_OBJC_MSGSEND = YES;
				GCC_C_LANGUAGE_STANDARD = gnu11;
				GCC_NO_COMMON_BLOCKS = YES;
				GCC_WARN_64_TO_32_BIT_CONVERSION = YES;
				GCC_WARN_ABOUT_RETURN_TYPE = YES_ERROR;
				GCC_WARN_UNDECLARED_SELECTOR = YES;
				GCC_WARN_UNINITIALIZED_AUTOS = YES_AGGRESSIVE;
				GCC_WARN_UNUSED_FUNCTION = YES;
				GCC_WARN_UNUSED_VARIABLE = YES;
				IPHONEOS_DEPLOYMENT_TARGET = 15.5;
				MTL_ENABLE_DEBUG_INFO = NO;
				MTL_FAST_MATH = YES;
				SDKROOT = iphoneos;
				SWIFT_COMPILATION_MODE = wholemodule;
				SWIFT_OPTIMIZATION_LEVEL = "-O";
				VALIDATE_PRODUCT = YES;
			};
			name = Release;
		};
		48D6EFC828BE4B34004A9C50 /* Debug */ = {
			isa = XCBuildConfiguration;
			buildSettings = {
				ASSETCATALOG_COMPILER_APPICON_NAME = AppIcon;
				ASSETCATALOG_COMPILER_GLOBAL_ACCENT_COLOR_NAME = AccentColor;
				CODE_SIGN_STYLE = Automatic;
				CURRENT_PROJECT_VERSION = 1;
				DEVELOPMENT_TEAM = DLN427AJ4B;
				GENERATE_INFOPLIST_FILE = YES;
				INFOPLIST_FILE = "Netflix Clone/Info.plist";
				INFOPLIST_KEY_UIApplicationSupportsIndirectInputEvents = YES;
				INFOPLIST_KEY_UILaunchStoryboardName = LaunchScreen;
				INFOPLIST_KEY_UISupportedInterfaceOrientations_iPad = "UIInterfaceOrientationPortrait UIInterfaceOrientationPortraitUpsideDown UIInterfaceOrientationLandscapeLeft UIInterfaceOrientationLandscapeRight";
				INFOPLIST_KEY_UISupportedInterfaceOrientations_iPhone = "UIInterfaceOrientationPortrait UIInterfaceOrientationLandscapeLeft UIInterfaceOrientationLandscapeRight";
				LD_RUNPATH_SEARCH_PATHS = (
					"$(inherited)",
					"@executable_path/Frameworks",
				);
				MARKETING_VERSION = 1.0;
				PRODUCT_BUNDLE_IDENTIFIER = "matomakeapp.Netflix-Clone";
				PRODUCT_NAME = "$(TARGET_NAME)";
				SWIFT_EMIT_LOC_STRINGS = YES;
				SWIFT_VERSION = 5.0;
				TARGETED_DEVICE_FAMILY = "1,2";
			};
			name = Debug;
		};
		48D6EFC928BE4B34004A9C50 /* Release */ = {
			isa = XCBuildConfiguration;
			buildSettings = {
				ASSETCATALOG_COMPILER_APPICON_NAME = AppIcon;
				ASSETCATALOG_COMPILER_GLOBAL_ACCENT_COLOR_NAME = AccentColor;
				CODE_SIGN_STYLE = Automatic;
				CURRENT_PROJECT_VERSION = 1;
				DEVELOPMENT_TEAM = DLN427AJ4B;
				GENERATE_INFOPLIST_FILE = YES;
				INFOPLIST_FILE = "Netflix Clone/Info.plist";
				INFOPLIST_KEY_UIApplicationSupportsIndirectInputEvents = YES;
				INFOPLIST_KEY_UILaunchStoryboardName = LaunchScreen;
				INFOPLIST_KEY_UISupportedInterfaceOrientations_iPad = "UIInterfaceOrientationPortrait UIInterfaceOrientationPortraitUpsideDown UIInterfaceOrientationLandscapeLeft UIInterfaceOrientationLandscapeRight";
				INFOPLIST_KEY_UISupportedInterfaceOrientations_iPhone = "UIInterfaceOrientationPortrait UIInterfaceOrientationLandscapeLeft UIInterfaceOrientationLandscapeRight";
				LD_RUNPATH_SEARCH_PATHS = (
					"$(inherited)",
					"@executable_path/Frameworks",
				);
				MARKETING_VERSION = 1.0;
				PRODUCT_BUNDLE_IDENTIFIER = "matomakeapp.Netflix-Clone";
				PRODUCT_NAME = "$(TARGET_NAME)";
				SWIFT_EMIT_LOC_STRINGS = YES;
				SWIFT_VERSION = 5.0;
				TARGETED_DEVICE_FAMILY = "1,2";
			};
			name = Release;
		};
/* End XCBuildConfiguration section */

/* Begin XCConfigurationList section */
		48D6EFAE28BE4B32004A9C50 /* Build configuration list for PBXProject "Netflix Clone" */ = {
			isa = XCConfigurationList;
			buildConfigurations = (
				48D6EFC528BE4B34004A9C50 /* Debug */,
				48D6EFC628BE4B34004A9C50 /* Release */,
			);
			defaultConfigurationIsVisible = 0;
			defaultConfigurationName = Release;
		};
		48D6EFC728BE4B34004A9C50 /* Build configuration list for PBXNativeTarget "Netflix Clone" */ = {
			isa = XCConfigurationList;
			buildConfigurations = (
				48D6EFC828BE4B34004A9C50 /* Debug */,
				48D6EFC928BE4B34004A9C50 /* Release */,
			);
			defaultConfigurationIsVisible = 0;
			defaultConfigurationName = Release;
		};
/* End XCConfigurationList section */
	};
	rootObject = 48D6EFAB28BE4B32004A9C50 /* Project object */;
}
